
Microsoft Visual Studio Solution File, Format Version 12.00
# Visual Studio Version 17
VisualStudioVersion = 17.4.33213.308
MinimumVisualStudioVersion = 10.0.40219.1
Project("{FAE04EC0-301F-11D3-BF4B-00C04F79EFBC}") = "Capa_Datos", "Capa_Datos\Capa_Datos.csproj", "{448B7421-AAFA-4E24-8848-B13C865EBF88}"
EndProject
Project("{FAE04EC0-301F-11D3-BF4B-00C04F79EFBC}") = "Capa_negocios", "Capa_negocios\Capa_negocios.csproj", "{51705BC8-87E6-48D5-BE66-335296F3209B}"
EndProject
Project("{FAE04EC0-301F-11D3-BF4B-00C04F79EFBC}") = "Capa_V", "Capa_V\Capa_V.csproj", "{AA64A9C0-FA51-488E-ACE7-6DB481080CDC}"
EndProject
Project("{FAE04EC0-301F-11D3-BF4B-00C04F79EFBC}") = "Capa_Entidades", "Capa_Entidades\Capa_Entidades.csproj", "{A07C26A8-01C3-459D-B775-DFD36C34D556}"
EndProject
Global
	GlobalSection(SolutionConfigurationPlatforms) = preSolution
		Debug|Any CPU = Debug|Any CPU
		Release|Any CPU = Release|Any CPU
	EndGlobalSection
	GlobalSection(ProjectConfigurationPlatforms) = postSolution
		{448B7421-AAFA-4E24-8848-B13C865EBF88}.Debug|Any CPU.ActiveCfg = Debug|Any CPU
		{448B7421-AAFA-4E24-8848-B13C865EBF88}.Debug|Any CPU.Build.0 = Debug|Any CPU
		{448B7421-AAFA-4E24-8848-B13C865EBF88}.Release|Any CPU.ActiveCfg = Release|Any CPU
		{448B7421-AAFA-4E24-8848-B13C865EBF88}.Release|Any CPU.Build.0 = Release|Any CPU
		{51705BC8-87E6-48D5-BE66-335296F3209B}.Debug|Any CPU.ActiveCfg = Debug|Any CPU
		{51705BC8-87E6-48D5-BE66-335296F3209B}.Debug|Any CPU.Build.0 = Debug|Any CPU
		{51705BC8-87E6-48D5-BE66-335296F3209B}.Release|Any CPU.ActiveCfg = Release|Any CPU
		{51705BC8-87E6-48D5-BE66-335296F3209B}.Release|Any CPU.Build.0 = Release|Any CPU
		{AA64A9C0-FA51-488E-ACE7-6DB481080CDC}.Debug|Any CPU.ActiveCfg = Debug|Any CPU
		{AA64A9C0-FA51-488E-ACE7-6DB481080CDC}.Debug|Any CPU.Build.0 = Debug|Any CPU
		{AA64A9C0-FA51-488E-ACE7-6DB481080CDC}.Release|Any CPU.ActiveCfg = Release|Any CPU
		{AA64A9C0-FA51-488E-ACE7-6DB481080CDC}.Release|Any CPU.Build.0 = Release|Any CPU
		{A07C26A8-01C3-459D-B775-DFD36C34D556}.Debug|Any CPU.ActiveCfg = Debug|Any CPU
		{A07C26A8-01C3-459D-B775-DFD36C34D556}.Debug|Any CPU.Build.0 = Debug|Any CPU
		{A07C26A8-01C3-459D-B775-DFD36C34D556}.Release|Any CPU.ActiveCfg = Release|Any CPU
		{A07C26A8-01C3-459D-B775-DFD36C34D556}.Release|Any CPU.Build.0 = Release|Any CPU
	EndGlobalSection
	GlobalSection(SolutionProperties) = preSolution
		HideSolutionNode = FALSE
	EndGlobalSection
	GlobalSection(ExtensibilityGlobals) = postSolution
		SolutionGuid = {A6AD7B6A-989F-46A9-8111-1D82A469221E}
	EndGlobalSection
EndGlobal
